
Microsoft Visual Studio Solution File, Format Version 12.00
# Visual Studio 15
VisualStudioVersion = 15.0.27130.2027
MinimumVisualStudioVersion = 10.0.40219.1
Project("{2150E333-8FDC-42A3-9474-1A3956D46DE8}") = "AgendaFE", "AgendaFE", "{5B0A55B9-FDDD-4F7B-A3BF-B142953B0AD9}"
EndProject
Project("{2150E333-8FDC-42A3-9474-1A3956D46DE8}") = "AgendaCON", "AgendaCON", "{20C61BF7-3F95-4413-8C5D-B716342CA6FA}"
EndProject
Project("{9A19103F-16F7-4668-BE54-9A1E7A4F7556}") = "AgendaContracts", "AgendaContracts\AgendaContracts.csproj", "{C07D5505-271A-4D94-B70C-0262CDF34259}"
EndProject
Project("{2150E333-8FDC-42A3-9474-1A3956D46DE8}") = "AgendaBE", "AgendaBE", "{5818D42C-A856-4586-AEC4-D6DBD2309FFD}"
EndProject
Project("{9A19103F-16F7-4668-BE54-9A1E7A4F7556}") = "AgendaFE.Logic", "AgendaFE.Logic\AgendaFE.Logic.csproj", "{01267DB9-216E-4735-AA24-ABB6FF99F6EA}"
EndProject
Project("{FAE04EC0-301F-11D3-BF4B-00C04F79EFBC}") = "AgendaFE.UI", "AgendaFE.UI\AgendaFE.UI.csproj", "{7BA5A53E-0A73-444C-8EBB-A9BC3E064C92}"
EndProject
Project("{9A19103F-16F7-4668-BE54-9A1E7A4F7556}") = "AgendaBE.Service", "AgendaBE.Service\AgendaBE.Service.csproj", "{6B49C45A-C454-4479-AB0B-2B1BDD1C0665}"
EndProject
Global
	GlobalSection(SolutionConfigurationPlatforms) = preSolution
		Debug|Any CPU = Debug|Any CPU
		Debug|ARM = Debug|ARM
		Debug|x64 = Debug|x64
		Debug|x86 = Debug|x86
		Release|Any CPU = Release|Any CPU
		Release|ARM = Release|ARM
		Release|x64 = Release|x64
		Release|x86 = Release|x86
	EndGlobalSection
	GlobalSection(ProjectConfigurationPlatforms) = postSolution
		{C07D5505-271A-4D94-B70C-0262CDF34259}.Debug|Any CPU.ActiveCfg = Debug|Any CPU
		{C07D5505-271A-4D94-B70C-0262CDF34259}.Debug|Any CPU.Build.0 = Debug|Any CPU
		{C07D5505-271A-4D94-B70C-0262CDF34259}.Debug|ARM.ActiveCfg = Debug|Any CPU
		{C07D5505-271A-4D94-B70C-0262CDF34259}.Debug|ARM.Build.0 = Debug|Any CPU
		{C07D5505-271A-4D94-B70C-0262CDF34259}.Debug|x64.ActiveCfg = Debug|Any CPU
		{C07D5505-271A-4D94-B70C-0262CDF34259}.Debug|x64.Build.0 = Debug|Any CPU
		{C07D5505-271A-4D94-B70C-0262CDF34259}.Debug|x86.ActiveCfg = Debug|Any CPU
		{C07D5505-271A-4D94-B70C-0262CDF34259}.Debug|x86.Build.0 = Debug|Any CPU
		{C07D5505-271A-4D94-B70C-0262CDF34259}.Release|Any CPU.ActiveCfg = Release|Any CPU
		{C07D5505-271A-4D94-B70C-0262CDF34259}.Release|Any CPU.Build.0 = Release|Any CPU
		{C07D5505-271A-4D94-B70C-0262CDF34259}.Release|ARM.ActiveCfg = Release|Any CPU
		{C07D5505-271A-4D94-B70C-0262CDF34259}.Release|ARM.Build.0 = Release|Any CPU
		{C07D5505-271A-4D94-B70C-0262CDF34259}.Release|x64.ActiveCfg = Release|Any CPU
		{C07D5505-271A-4D94-B70C-0262CDF34259}.Release|x64.Build.0 = Release|Any CPU
		{C07D5505-271A-4D94-B70C-0262CDF34259}.Release|x86.ActiveCfg = Release|Any CPU
		{C07D5505-271A-4D94-B70C-0262CDF34259}.Release|x86.Build.0 = Release|Any CPU
		{01267DB9-216E-4735-AA24-ABB6FF99F6EA}.Debug|Any CPU.ActiveCfg = Debug|Any CPU
		{01267DB9-216E-4735-AA24-ABB6FF99F6EA}.Debug|Any CPU.Build.0 = Debug|Any CPU
		{01267DB9-216E-4735-AA24-ABB6FF99F6EA}.Debug|ARM.ActiveCfg = Debug|Any CPU
		{01267DB9-216E-4735-AA24-ABB6FF99F6EA}.Debug|ARM.Build.0 = Debug|Any CPU
		{01267DB9-216E-4735-AA24-ABB6FF99F6EA}.Debug|x64.ActiveCfg = Debug|Any CPU
		{01267DB9-216E-4735-AA24-ABB6FF99F6EA}.Debug|x64.Build.0 = Debug|Any CPU
		{01267DB9-216E-4735-AA24-ABB6FF99F6EA}.Debug|x86.ActiveCfg = Debug|Any CPU
		{01267DB9-216E-4735-AA24-ABB6FF99F6EA}.Debug|x86.Build.0 = Debug|Any CPU
		{01267DB9-216E-4735-AA24-ABB6FF99F6EA}.Release|Any CPU.ActiveCfg = Release|Any CPU
		{01267DB9-216E-4735-AA24-ABB6FF99F6EA}.Release|Any CPU.Build.0 = Release|Any CPU
		{01267DB9-216E-4735-AA24-ABB6FF99F6EA}.Release|ARM.ActiveCfg = Release|Any CPU
		{01267DB9-216E-4735-AA24-ABB6FF99F6EA}.Release|ARM.Build.0 = Release|Any CPU
		{01267DB9-216E-4735-AA24-ABB6FF99F6EA}.Release|x64.ActiveCfg = Release|Any CPU
		{01267DB9-216E-4735-AA24-ABB6FF99F6EA}.Release|x64.Build.0 = Release|Any CPU
		{01267DB9-216E-4735-AA24-ABB6FF99F6EA}.Release|x86.ActiveCfg = Release|Any CPU
		{01267DB9-216E-4735-AA24-ABB6FF99F6EA}.Release|x86.Build.0 = Release|Any CPU
		{7BA5A53E-0A73-444C-8EBB-A9BC3E064C92}.Debug|Any CPU.ActiveCfg = Debug|x86
		{7BA5A53E-0A73-444C-8EBB-A9BC3E064C92}.Debug|ARM.ActiveCfg = Debug|ARM
		{7BA5A53E-0A73-444C-8EBB-A9BC3E064C92}.Debug|ARM.Build.0 = Debug|ARM
		{7BA5A53E-0A73-444C-8EBB-A9BC3E064C92}.Debug|ARM.Deploy.0 = Debug|ARM
		{7BA5A53E-0A73-444C-8EBB-A9BC3E064C92}.Debug|x64.ActiveCfg = Debug|x64
		{7BA5A53E-0A73-444C-8EBB-A9BC3E064C92}.Debug|x64.Build.0 = Debug|x64
		{7BA5A53E-0A73-444C-8EBB-A9BC3E064C92}.Debug|x64.Deploy.0 = Debug|x64
		{7BA5A53E-0A73-444C-8EBB-A9BC3E064C92}.Debug|x86.ActiveCfg = Debug|x86
		{7BA5A53E-0A73-444C-8EBB-A9BC3E064C92}.Debug|x86.Build.0 = Debug|x86
		{7BA5A53E-0A73-444C-8EBB-A9BC3E064C92}.Debug|x86.Deploy.0 = Debug|x86
		{7BA5A53E-0A73-444C-8EBB-A9BC3E064C92}.Release|Any CPU.ActiveCfg = Release|x86
		{7BA5A53E-0A73-444C-8EBB-A9BC3E064C92}.Release|ARM.ActiveCfg = Release|ARM
		{7BA5A53E-0A73-444C-8EBB-A9BC3E064C92}.Release|ARM.Build.0 = Release|ARM
		{7BA5A53E-0A73-444C-8EBB-A9BC3E064C92}.Release|ARM.Deploy.0 = Release|ARM
		{7BA5A53E-0A73-444C-8EBB-A9BC3E064C92}.Release|x64.ActiveCfg = Release|x64
		{7BA5A53E-0A73-444C-8EBB-A9BC3E064C92}.Release|x64.Build.0 = Release|x64
		{7BA5A53E-0A73-444C-8EBB-A9BC3E064C92}.Release|x64.Deploy.0 = Release|x64
		{7BA5A53E-0A73-444C-8EBB-A9BC3E064C92}.Release|x86.ActiveCfg = Release|x86
		{7BA5A53E-0A73-444C-8EBB-A9BC3E064C92}.Release|x86.Build.0 = Release|x86
		{7BA5A53E-0A73-444C-8EBB-A9BC3E064C92}.Release|x86.Deploy.0 = Release|x86
		{6B49C45A-C454-4479-AB0B-2B1BDD1C0665}.Debug|Any CPU.ActiveCfg = Debug|Any CPU
		{6B49C45A-C454-4479-AB0B-2B1BDD1C0665}.Debug|Any CPU.Build.0 = Debug|Any CPU
		{6B49C45A-C454-4479-AB0B-2B1BDD1C0665}.Debug|ARM.ActiveCfg = Debug|Any CPU
		{6B49C45A-C454-4479-AB0B-2B1BDD1C0665}.Debug|ARM.Build.0 = Debug|Any CPU
		{6B49C45A-C454-4479-AB0B-2B1BDD1C0665}.Debug|x64.ActiveCfg = Debug|Any CPU
		{6B49C45A-C454-4479-AB0B-2B1BDD1C0665}.Debug|x64.Build.0 = Debug|Any CPU
		{6B49C45A-C454-4479-AB0B-2B1BDD1C0665}.Debug|x86.ActiveCfg = Debug|Any CPU
		{6B49C45A-C454-4479-AB0B-2B1BDD1C0665}.Debug|x86.Build.0 = Debug|Any CPU
		{6B49C45A-C454-4479-AB0B-2B1BDD1C0665}.Release|Any CPU.ActiveCfg = Release|Any CPU
		{6B49C45A-C454-4479-AB0B-2B1BDD1C0665}.Release|Any CPU.Build.0 = Release|Any CPU
		{6B49C45A-C454-4479-AB0B-2B1BDD1C0665}.Release|ARM.ActiveCfg = Release|Any CPU
		{6B49C45A-C454-4479-AB0B-2B1BDD1C0665}.Release|ARM.Build.0 = Release|Any CPU
		{6B49C45A-C454-4479-AB0B-2B1BDD1C0665}.Release|x64.ActiveCfg = Release|Any CPU
		{6B49C45A-C454-4479-AB0B-2B1BDD1C0665}.Release|x64.Build.0 = Release|Any CPU
		{6B49C45A-C454-4479-AB0B-2B1BDD1C0665}.Release|x86.ActiveCfg = Release|Any CPU
		{6B49C45A-C454-4479-AB0B-2B1BDD1C0665}.Release|x86.Build.0 = Release|Any CPU
	EndGlobalSection
	GlobalSection(SolutionProperties) = preSolution
		HideSolutionNode = FALSE
	EndGlobalSection
	GlobalSection(NestedProjects) = preSolution
		{C07D5505-271A-4D94-B70C-0262CDF34259} = {20C61BF7-3F95-4413-8C5D-B716342CA6FA}
		{01267DB9-216E-4735-AA24-ABB6FF99F6EA} = {5B0A55B9-FDDD-4F7B-A3BF-B142953B0AD9}
		{7BA5A53E-0A73-444C-8EBB-A9BC3E064C92} = {5B0A55B9-FDDD-4F7B-A3BF-B142953B0AD9}
		{6B49C45A-C454-4479-AB0B-2B1BDD1C0665} = {5818D42C-A856-4586-AEC4-D6DBD2309FFD}
	EndGlobalSection
	GlobalSection(ExtensibilityGlobals) = postSolution
		SolutionGuid = {0D159A06-53A2-49F3-B2DD-B08715E1DD3A}
	EndGlobalSection
EndGlobal
